{
  "name": "DAW-2022",
  "lockfileVersion": 2,
  "requires": true,
  "packages": {
    "": {
      "dependencies": {
        "react-intl": "^6.2.1",
        "react-router-dom": "^6.4.4"
      }
    },
    "node_modules/@formatjs/ecma402-abstract": {
      "version": "1.13.0",
      "resolved": "https://registry.npmjs.org/@formatjs/ecma402-abstract/-/ecma402-abstract-1.13.0.tgz",
      "integrity": "sha512-CQ8Ykd51jYD1n05dtoX6ns6B9n/+6ZAxnWUAonvHC4kkuAemROYBhHkEB4tm1uVrRlE7gLDqXkAnY51Y0pRCWQ==",
      "dependencies": {
        "@formatjs/intl-localematcher": "0.2.31",
        "tslib": "2.4.0"
      }
    },
    "node_modules/@formatjs/fast-memoize": {
      "version": "1.2.6",
      "resolved": "https://registry.npmjs.org/@formatjs/fast-memoize/-/fast-memoize-1.2.6.tgz",
      "integrity": "sha512-9CWZ3+wCkClKHX+i5j+NyoBVqGf0pIskTo6Xl6ihGokYM2yqSSS68JIgeo+99UIHc+7vi9L3/SDSz/dWI9SNlA==",
      "dependencies": {
        "tslib": "2.4.0"
      }
    },
    "node_modules/@formatjs/icu-messageformat-parser": {
      "version": "2.1.10",
      "resolved": "https://registry.npmjs.org/@formatjs/icu-messageformat-parser/-/icu-messageformat-parser-2.1.10.tgz",
      "integrity": "sha512-KkRMxhifWkRC45dhM9tqm0GXbb6NPYTGVYY3xx891IKc6p++DQrZTnmkVSNNO47OEERLfuP2KkPFPJBuu8z/wg==",
      "dependencies": {
        "@formatjs/ecma402-abstract": "1.13.0",
        "@formatjs/icu-skeleton-parser": "1.3.14",
        "tslib": "2.4.0"
      }
    },
    "node_modules/@formatjs/icu-skeleton-parser": {
      "version": "1.3.14",
      "resolved": "https://registry.npmjs.org/@formatjs/icu-skeleton-parser/-/icu-skeleton-parser-1.3.14.tgz",
      "integrity": "sha512-7bv60HQQcBb3+TSj+45tOb/CHV5z1hOpwdtS50jsSBXfB+YpGhnoRsZxSRksXeCxMy6xn6tA6VY2601BrrK+OA==",
      "dependencies": {
        "@formatjs/ecma402-abstract": "1.13.0",
        "tslib": "2.4.0"
      }
    },
    "node_modules/@formatjs/intl": {
      "version": "2.5.1",
      "resolved": "https://registry.npmjs.org/@formatjs/intl/-/intl-2.5.1.tgz",
      "integrity": "sha512-P01ZGuDDlcN8bHHBCEHspJPvs8WJeO8SXlUIcVGWhS3IN5vUgz0QKUXcKBFnJbEHhONJ+azlObVwvlDKsE+kUg==",
      "dependencies": {
        "@formatjs/ecma402-abstract": "1.13.0",
        "@formatjs/fast-memoize": "1.2.6",
        "@formatjs/icu-messageformat-parser": "2.1.10",
        "@formatjs/intl-displaynames": "6.1.4",
        "@formatjs/intl-listformat": "7.1.3",
        "intl-messageformat": "10.2.1",
        "tslib": "2.4.0"
      },
      "peerDependencies": {
        "typescript": "^4.7"
      },
      "peerDependenciesMeta": {
        "typescript": {
          "optional": true
        }
      }
    },
    "node_modules/@formatjs/intl-displaynames": {
      "version": "6.1.4",
      "resolved": "https://registry.npmjs.org/@formatjs/intl-displaynames/-/intl-displaynames-6.1.4.tgz",
      "integrity": "sha512-sEbziGLsWQo6nA8ZUBcsDRlZzPg+uMVjDmbTalgGqRWLbdXuxMldTYdaCK+UptyJhkmNVM/erz3csTiyqamXHQ==",
      "dependencies": {
        "@formatjs/ecma402-abstract": "1.13.0",
        "@formatjs/intl-localematcher": "0.2.31",
        "tslib": "2.4.0"
      }
    },
    "node_modules/@formatjs/intl-listformat": {
      "version": "7.1.3",
      "resolved": "https://registry.npmjs.org/@formatjs/intl-listformat/-/intl-listformat-7.1.3.tgz",
      "integrity": "sha512-rs0Kxl78PeRCedx2cmFoBqcun2Kf0bCQrF8ycna54sfePpDhMskvODWeI4G/xBioW01FjK7CJSvtJJ87hrr79A==",
      "dependencies": {
        "@formatjs/ecma402-abstract": "1.13.0",
        "@formatjs/intl-localematcher": "0.2.31",
        "tslib": "2.4.0"
      }
    },
    "node_modules/@formatjs/intl-localematcher": {
      "version": "0.2.31",
      "resolved": "https://registry.npmjs.org/@formatjs/intl-localematcher/-/intl-localematcher-0.2.31.tgz",
      "integrity": "sha512-9QTjdSBpQ7wHShZgsNzNig5qT3rCPvmZogS/wXZzKotns5skbXgs0I7J8cuN0PPqXyynvNVuN+iOKhNS2eb+ZA==",
      "dependencies": {
        "tslib": "2.4.0"
      }
    },
    "node_modules/@remix-run/router": {
      "version": "1.0.4",
      "resolved": "https://registry.npmjs.org/@remix-run/router/-/router-1.0.4.tgz",
      "integrity": "sha512-gTL8H5USTAKOyVA4xczzDJnC3HMssdFa3tRlwBicXynx9XfiXwneHnYQogwSKpdCkjXISrEKSTtX62rLpNEVQg==",
      "engines": {
        "node": ">=14"
      }
    },
    "node_modules/@types/hoist-non-react-statics": {
      "version": "3.3.1",
      "resolved": "https://registry.npmjs.org/@types/hoist-non-react-statics/-/hoist-non-react-statics-3.3.1.tgz",
      "integrity": "sha512-iMIqiko6ooLrTh1joXodJK5X9xeEALT1kM5G3ZLhD3hszxBdIEd5C75U834D9mLcINgD4OyZf5uQXjkuYydWvA==",
      "dependencies": {
        "@types/react": "*",
        "hoist-non-react-statics": "^3.3.0"
      }
    },
    "node_modules/@types/prop-types": {
      "version": "15.7.5",
      "resolved": "https://registry.npmjs.org/@types/prop-types/-/prop-types-15.7.5.tgz",
      "integrity": "sha512-JCB8C6SnDoQf0cNycqd/35A7MjcnK+ZTqE7judS6o7utxUCg6imJg3QK2qzHKszlTjcj2cn+NwMB2i96ubpj7w=="
    },
    "node_modules/@types/react": {
      "version": "18.0.25",
      "resolved": "https://registry.npmjs.org/@types/react/-/react-18.0.25.tgz",
      "integrity": "sha512-xD6c0KDT4m7n9uD4ZHi02lzskaiqcBxf4zi+tXZY98a04wvc0hi/TcCPC2FOESZi51Nd7tlUeOJY8RofL799/g==",
      "dependencies": {
        "@types/prop-types": "*",
        "@types/scheduler": "*",
        "csstype": "^3.0.2"
      }
    },
    "node_modules/@types/scheduler": {
      "version": "0.16.2",
      "resolved": "https://registry.npmjs.org/@types/scheduler/-/scheduler-0.16.2.tgz",
      "integrity": "sha512-hppQEBDmlwhFAXKJX2KnWLYu5yMfi91yazPb2l+lbJiwW+wdo1gNeRA+3RgNSO39WYX2euey41KEwnqesU2Jew=="
    },
    "node_modules/csstype": {
      "version": "3.1.1",
      "resolved": "https://registry.npmjs.org/csstype/-/csstype-3.1.1.tgz",
      "integrity": "sha512-DJR/VvkAvSZW9bTouZue2sSxDwdTN92uHjqeKVm+0dAqdfNykRzQ95tay8aXMBAAPpUiq4Qcug2L7neoRh2Egw=="
    },
    "node_modules/hoist-non-react-statics": {
      "version": "3.3.2",
      "resolved": "https://registry.npmjs.org/hoist-non-react-statics/-/hoist-non-react-statics-3.3.2.tgz",
      "integrity": "sha512-/gGivxi8JPKWNm/W0jSmzcMPpfpPLc3dY/6GxhX2hQ9iGj3aDfklV4ET7NjKpSinLpJ5vafa9iiGIEZg10SfBw==",
      "dependencies": {
        "react-is": "^16.7.0"
      }
    },
    "node_modules/intl-messageformat": {
      "version": "10.2.1",
      "resolved": "https://registry.npmjs.org/intl-messageformat/-/intl-messageformat-10.2.1.tgz",
      "integrity": "sha512-1lrJG2qKzcC1TVzYu1VuB1yiY68LU5rwpbHa2THCzA67Vutkz7+1lv5U20K3Lz5RAiH78zxNztMEtchokMWv8A==",
      "dependencies": {
        "@formatjs/ecma402-abstract": "1.13.0",
        "@formatjs/fast-memoize": "1.2.6",
        "@formatjs/icu-messageformat-parser": "2.1.10",
        "tslib": "2.4.0"
      }
    },
    "node_modules/js-tokens": {
      "version": "4.0.0",
      "resolved": "https://registry.npmjs.org/js-tokens/-/js-tokens-4.0.0.tgz",
      "integrity": "sha512-RdJUflcE3cUzKiMqQgsCu06FPu9UdIJO0beYbPhHN4k6apgJtifcoCtT9bcxOpYBtpD2kCM6Sbzg4CausW/PKQ==",
      "peer": true
    },
    "node_modules/loose-envify": {
      "version": "1.4.0",
      "resolved": "https://registry.npmjs.org/loose-envify/-/loose-envify-1.4.0.tgz",
      "integrity": "sha512-lyuxPGr/Wfhrlem2CL/UcnUc1zcqKAImBDzukY7Y5F/yQiNdko6+fRLevlw1HgMySw7f611UIY408EtxRSoK3Q==",
      "peer": true,
      "dependencies": {
        "js-tokens": "^3.0.0 || ^4.0.0"
      },
      "bin": {
        "loose-envify": "cli.js"
      }
    },
    "node_modules/react": {
      "version": "18.2.0",
      "resolved": "https://registry.npmjs.org/react/-/react-18.2.0.tgz",
      "integrity": "sha512-/3IjMdb2L9QbBdWiW5e3P2/npwMBaU9mHCSCUzNln0ZCYbcfTsGbTJrU/kGemdH2IWmB2ioZ+zkxtmq6g09fGQ==",
      "peer": true,
      "dependencies": {
        "loose-envify": "^1.1.0"
      },
      "engines": {
        "node": ">=0.10.0"
      }
    },
    "node_modules/react-dom": {
      "version": "18.2.0",
      "resolved": "https://registry.npmjs.org/react-dom/-/react-dom-18.2.0.tgz",
      "integrity": "sha512-6IMTriUmvsjHUjNtEDudZfuDQUoWXVxKHhlEGSk81n4YFS+r/Kl99wXiwlVXtPBtJenozv2P+hxDsw9eA7Xo6g==",
      "peer": true,
      "dependencies": {
        "loose-envify": "^1.1.0",
        "scheduler": "^0.23.0"
      },
      "peerDependencies": {
        "react": "^18.2.0"
      }
    },
    "node_modules/react-intl": {
      "version": "6.2.1",
      "resolved": "https://registry.npmjs.org/react-intl/-/react-intl-6.2.1.tgz",
      "integrity": "sha512-hYxcSamgoA3Mvc55nwhTF1v15T0NUSkaV/EScMNVZXg0kRyaMAoNHkCi9/9H+TnXWNiWrcWH9bjlMlJwrG2V7g==",
      "dependencies": {
        "@formatjs/ecma402-abstract": "1.13.0",
        "@formatjs/icu-messageformat-parser": "2.1.10",
        "@formatjs/intl": "2.5.1",
        "@formatjs/intl-displaynames": "6.1.4",
        "@formatjs/intl-listformat": "7.1.3",
        "@types/hoist-non-react-statics": "^3.3.1",
        "@types/react": "16 || 17 || 18",
        "hoist-non-react-statics": "^3.3.2",
        "intl-messageformat": "10.2.1",
        "tslib": "2.4.0"
      },
      "peerDependencies": {
        "react": "^16.6.0 || 17 || 18",
        "typescript": "^4.7"
      },
      "peerDependenciesMeta": {
        "typescript": {
          "optional": true
        }
      }
    },
    "node_modules/react-is": {
      "version": "16.13.1",
      "resolved": "https://registry.npmjs.org/react-is/-/react-is-16.13.1.tgz",
      "integrity": "sha512-24e6ynE2H+OKt4kqsOvNd8kBpV65zoxbA4BVsEOB3ARVWQki/DHzaUoC5KuON/BiccDaCCTZBuOcfZs70kR8bQ=="
    },
    "node_modules/react-router": {
      "version": "6.4.4",
      "resolved": "https://registry.npmjs.org/react-router/-/react-router-6.4.4.tgz",
      "integrity": "sha512-SA6tSrUCRfuLWeYsTJDuriRqfFIsrSvuH7SqAJHegx9ZgxadE119rU8oOX/rG5FYEthpdEaEljdjDlnBxvfr+Q==",
      "dependencies": {
        "@remix-run/router": "1.0.4"
      },
      "engines": {
        "node": ">=14"
      },
      "peerDependencies": {
        "react": ">=16.8"
      }
    },
    "node_modules/react-router-dom": {
      "version": "6.4.4",
      "resolved": "https://registry.npmjs.org/react-router-dom/-/react-router-dom-6.4.4.tgz",
      "integrity": "sha512-0Axverhw5d+4SBhLqLpzPhNkmv7gahUwlUVIOrRLGJ4/uwt30JVajVJXqv2Qr/LCwyvHhQc7YyK1Do8a9Jj7qA==",
      "dependencies": {
        "@remix-run/router": "1.0.4",
        "react-router": "6.4.4"
      },
      "engines": {
        "node": ">=14"
      },
      "peerDependencies": {
        "react": ">=16.8",
        "react-dom": ">=16.8"
      }
    },
    "node_modules/scheduler": {
      "version": "0.23.0",
      "resolved": "https://registry.npmjs.org/scheduler/-/scheduler-0.23.0.tgz",
      "integrity": "sha512-CtuThmgHNg7zIZWAXi3AsyIzA3n4xx7aNyjwC2VJldO2LMVDhFK+63xGqq6CsJH4rTAt6/M+N4GhZiDYPx9eUw==",
      "peer": true,
      "dependencies": {
        "loose-envify": "^1.1.0"
      }
    },
    "node_modules/tslib": {
      "version": "2.4.0",
      "resolved": "https://registry.npmjs.org/tslib/-/tslib-2.4.0.tgz",
      "integrity": "sha512-d6xOpEDfsi2CZVlPQzGeux8XMwLT9hssAsaPYExaQMuYskwb+x1x7J371tWlbBdWHroy99KnVB6qIkUbs5X3UQ=="
    }
  },
  "dependencies": {
    "@formatjs/ecma402-abstract": {
      "version": "1.13.0",
      "resolved": "https://registry.npmjs.org/@formatjs/ecma402-abstract/-/ecma402-abstract-1.13.0.tgz",
      "integrity": "sha512-CQ8Ykd51jYD1n05dtoX6ns6B9n/+6ZAxnWUAonvHC4kkuAemROYBhHkEB4tm1uVrRlE7gLDqXkAnY51Y0pRCWQ==",
      "requires": {
        "@formatjs/intl-localematcher": "0.2.31",
        "tslib": "2.4.0"
      }
    },
    "@formatjs/fast-memoize": {
      "version": "1.2.6",
      "resolved": "https://registry.npmjs.org/@formatjs/fast-memoize/-/fast-memoize-1.2.6.tgz",
      "integrity": "sha512-9CWZ3+wCkClKHX+i5j+NyoBVqGf0pIskTo6Xl6ihGokYM2yqSSS68JIgeo+99UIHc+7vi9L3/SDSz/dWI9SNlA==",
      "requires": {
        "tslib": "2.4.0"
      }
    },
    "@formatjs/icu-messageformat-parser": {
      "version": "2.1.10",
      "resolved": "https://registry.npmjs.org/@formatjs/icu-messageformat-parser/-/icu-messageformat-parser-2.1.10.tgz",
      "integrity": "sha512-KkRMxhifWkRC45dhM9tqm0GXbb6NPYTGVYY3xx891IKc6p++DQrZTnmkVSNNO47OEERLfuP2KkPFPJBuu8z/wg==",
      "requires": {
        "@formatjs/ecma402-abstract": "1.13.0",
        "@formatjs/icu-skeleton-parser": "1.3.14",
        "tslib": "2.4.0"
      }
    },
    "@formatjs/icu-skeleton-parser": {
      "version": "1.3.14",
      "resolved": "https://registry.npmjs.org/@formatjs/icu-skeleton-parser/-/icu-skeleton-parser-1.3.14.tgz",
      "integrity": "sha512-7bv60HQQcBb3+TSj+45tOb/CHV5z1hOpwdtS50jsSBXfB+YpGhnoRsZxSRksXeCxMy6xn6tA6VY2601BrrK+OA==",
      "requires": {
        "@formatjs/ecma402-abstract": "1.13.0",
        "tslib": "2.4.0"
      }
    },
    "@formatjs/intl": {
      "version": "2.5.1",
      "resolved": "https://registry.npmjs.org/@formatjs/intl/-/intl-2.5.1.tgz",
      "integrity": "sha512-P01ZGuDDlcN8bHHBCEHspJPvs8WJeO8SXlUIcVGWhS3IN5vUgz0QKUXcKBFnJbEHhONJ+azlObVwvlDKsE+kUg==",
      "requires": {
        "@formatjs/ecma402-abstract": "1.13.0",
        "@formatjs/fast-memoize": "1.2.6",
        "@formatjs/icu-messageformat-parser": "2.1.10",
        "@formatjs/intl-displaynames": "6.1.4",
        "@formatjs/intl-listformat": "7.1.3",
        "intl-messageformat": "10.2.1",
        "tslib": "2.4.0"
      }
    },
    "@formatjs/intl-displaynames": {
      "version": "6.1.4",
      "resolved": "https://registry.npmjs.org/@formatjs/intl-displaynames/-/intl-displaynames-6.1.4.tgz",
      "integrity": "sha512-sEbziGLsWQo6nA8ZUBcsDRlZzPg+uMVjDmbTalgGqRWLbdXuxMldTYdaCK+UptyJhkmNVM/erz3csTiyqamXHQ==",
      "requires": {
        "@formatjs/ecma402-abstract": "1.13.0",
        "@formatjs/intl-localematcher": "0.2.31",
        "tslib": "2.4.0"
      }
    },
    "@formatjs/intl-listformat": {
      "version": "7.1.3",
      "resolved": "https://registry.npmjs.org/@formatjs/intl-listformat/-/intl-listformat-7.1.3.tgz",
      "integrity": "sha512-rs0Kxl78PeRCedx2cmFoBqcun2Kf0bCQrF8ycna54sfePpDhMskvODWeI4G/xBioW01FjK7CJSvtJJ87hrr79A==",
      "requires": {
        "@formatjs/ecma402-abstract": "1.13.0",
        "@formatjs/intl-localematcher": "0.2.31",
        "tslib": "2.4.0"
      }
    },
    "@formatjs/intl-localematcher": {
      "version": "0.2.31",
      "resolved": "https://registry.npmjs.org/@formatjs/intl-localematcher/-/intl-localematcher-0.2.31.tgz",
      "integrity": "sha512-9QTjdSBpQ7wHShZgsNzNig5qT3rCPvmZogS/wXZzKotns5skbXgs0I7J8cuN0PPqXyynvNVuN+iOKhNS2eb+ZA==",
      "requires": {
        "tslib": "2.4.0"
      }
    },
    "@remix-run/router": {
      "version": "1.0.4",
      "resolved": "https://registry.npmjs.org/@remix-run/router/-/router-1.0.4.tgz",
      "integrity": "sha512-gTL8H5USTAKOyVA4xczzDJnC3HMssdFa3tRlwBicXynx9XfiXwneHnYQogwSKpdCkjXISrEKSTtX62rLpNEVQg=="
    },
    "@types/hoist-non-react-statics": {
      "version": "3.3.1",
      "resolved": "https://registry.npmjs.org/@types/hoist-non-react-statics/-/hoist-non-react-statics-3.3.1.tgz",
      "integrity": "sha512-iMIqiko6ooLrTh1joXodJK5X9xeEALT1kM5G3ZLhD3hszxBdIEd5C75U834D9mLcINgD4OyZf5uQXjkuYydWvA==",
      "requires": {
        "@types/react": "*",
        "hoist-non-react-statics": "^3.3.0"
      }
    },
    "@types/prop-types": {
      "version": "15.7.5",
      "resolved": "https://registry.npmjs.org/@types/prop-types/-/prop-types-15.7.5.tgz",
      "integrity": "sha512-JCB8C6SnDoQf0cNycqd/35A7MjcnK+ZTqE7judS6o7utxUCg6imJg3QK2qzHKszlTjcj2cn+NwMB2i96ubpj7w=="
    },
    "@types/react": {
      "version": "18.0.25",
      "resolved": "https://registry.npmjs.org/@types/react/-/react-18.0.25.tgz",
      "integrity": "sha512-xD6c0KDT4m7n9uD4ZHi02lzskaiqcBxf4zi+tXZY98a04wvc0hi/TcCPC2FOESZi51Nd7tlUeOJY8RofL799/g==",
      "requires": {
        "@types/prop-types": "*",
        "@types/scheduler": "*",
        "csstype": "^3.0.2"
      }
    },
    "@types/scheduler": {
      "version": "0.16.2",
      "resolved": "https://registry.npmjs.org/@types/scheduler/-/scheduler-0.16.2.tgz",
      "integrity": "sha512-hppQEBDmlwhFAXKJX2KnWLYu5yMfi91yazPb2l+lbJiwW+wdo1gNeRA+3RgNSO39WYX2euey41KEwnqesU2Jew=="
    },
    "csstype": {
      "version": "3.1.1",
      "resolved": "https://registry.npmjs.org/csstype/-/csstype-3.1.1.tgz",
      "integrity": "sha512-DJR/VvkAvSZW9bTouZue2sSxDwdTN92uHjqeKVm+0dAqdfNykRzQ95tay8aXMBAAPpUiq4Qcug2L7neoRh2Egw=="
    },
    "hoist-non-react-statics": {
      "version": "3.3.2",
      "resolved": "https://registry.npmjs.org/hoist-non-react-statics/-/hoist-non-react-statics-3.3.2.tgz",
      "integrity": "sha512-/gGivxi8JPKWNm/W0jSmzcMPpfpPLc3dY/6GxhX2hQ9iGj3aDfklV4ET7NjKpSinLpJ5vafa9iiGIEZg10SfBw==",
      "requires": {
        "react-is": "^16.7.0"
      }
    },
    "intl-messageformat": {
      "version": "10.2.1",
      "resolved": "https://registry.npmjs.org/intl-messageformat/-/intl-messageformat-10.2.1.tgz",
      "integrity": "sha512-1lrJG2qKzcC1TVzYu1VuB1yiY68LU5rwpbHa2THCzA67Vutkz7+1lv5U20K3Lz5RAiH78zxNztMEtchokMWv8A==",
      "requires": {
        "@formatjs/ecma402-abstract": "1.13.0",
        "@formatjs/fast-memoize": "1.2.6",
        "@formatjs/icu-messageformat-parser": "2.1.10",
        "tslib": "2.4.0"
      }
    },
    "js-tokens": {
      "version": "4.0.0",
      "resolved": "https://registry.npmjs.org/js-tokens/-/js-tokens-4.0.0.tgz",
      "integrity": "sha512-RdJUflcE3cUzKiMqQgsCu06FPu9UdIJO0beYbPhHN4k6apgJtifcoCtT9bcxOpYBtpD2kCM6Sbzg4CausW/PKQ==",
      "peer": true
    },
    "loose-envify": {
      "version": "1.4.0",
      "resolved": "https://registry.npmjs.org/loose-envify/-/loose-envify-1.4.0.tgz",
      "integrity": "sha512-lyuxPGr/Wfhrlem2CL/UcnUc1zcqKAImBDzukY7Y5F/yQiNdko6+fRLevlw1HgMySw7f611UIY408EtxRSoK3Q==",
      "peer": true,
      "requires": {
        "js-tokens": "^3.0.0 || ^4.0.0"
      }
    },
    "react": {
      "version": "18.2.0",
      "resolved": "https://registry.npmjs.org/react/-/react-18.2.0.tgz",
      "integrity": "sha512-/3IjMdb2L9QbBdWiW5e3P2/npwMBaU9mHCSCUzNln0ZCYbcfTsGbTJrU/kGemdH2IWmB2ioZ+zkxtmq6g09fGQ==",
      "peer": true,
      "requires": {
        "loose-envify": "^1.1.0"
      }
    },
    "react-dom": {
      "version": "18.2.0",
      "resolved": "https://registry.npmjs.org/react-dom/-/react-dom-18.2.0.tgz",
      "integrity": "sha512-6IMTriUmvsjHUjNtEDudZfuDQUoWXVxKHhlEGSk81n4YFS+r/Kl99wXiwlVXtPBtJenozv2P+hxDsw9eA7Xo6g==",
      "peer": true,
      "requires": {
        "loose-envify": "^1.1.0",
        "scheduler": "^0.23.0"
      }
    },
    "react-intl": {
      "version": "6.2.1",
      "resolved": "https://registry.npmjs.org/react-intl/-/react-intl-6.2.1.tgz",
      "integrity": "sha512-hYxcSamgoA3Mvc55nwhTF1v15T0NUSkaV/EScMNVZXg0kRyaMAoNHkCi9/9H+TnXWNiWrcWH9bjlMlJwrG2V7g==",
      "requires": {
        "@formatjs/ecma402-abstract": "1.13.0",
        "@formatjs/icu-messageformat-parser": "2.1.10",
        "@formatjs/intl": "2.5.1",
        "@formatjs/intl-displaynames": "6.1.4",
        "@formatjs/intl-listformat": "7.1.3",
        "@types/hoist-non-react-statics": "^3.3.1",
        "@types/react": "16 || 17 || 18",
        "hoist-non-react-statics": "^3.3.2",
        "intl-messageformat": "10.2.1",
        "tslib": "2.4.0"
      }
    },
    "react-is": {
      "version": "16.13.1",
      "resolved": "https://registry.npmjs.org/react-is/-/react-is-16.13.1.tgz",
      "integrity": "sha512-24e6ynE2H+OKt4kqsOvNd8kBpV65zoxbA4BVsEOB3ARVWQki/DHzaUoC5KuON/BiccDaCCTZBuOcfZs70kR8bQ=="
    },
    "react-router": {
      "version": "6.4.4",
      "resolved": "https://registry.npmjs.org/react-router/-/react-router-6.4.4.tgz",
      "integrity": "sha512-SA6tSrUCRfuLWeYsTJDuriRqfFIsrSvuH7SqAJHegx9ZgxadE119rU8oOX/rG5FYEthpdEaEljdjDlnBxvfr+Q==",
      "requires": {
        "@remix-run/router": "1.0.4"
      }
    },
    "react-router-dom": {
      "version": "6.4.4",
      "resolved": "https://registry.npmjs.org/react-router-dom/-/react-router-dom-6.4.4.tgz",
      "integrity": "sha512-0Axverhw5d+4SBhLqLpzPhNkmv7gahUwlUVIOrRLGJ4/uwt30JVajVJXqv2Qr/LCwyvHhQc7YyK1Do8a9Jj7qA==",
      "requires": {
        "@remix-run/router": "1.0.4",
        "react-router": "6.4.4"
      }
    },
    "scheduler": {
      "version": "0.23.0",
      "resolved": "https://registry.npmjs.org/scheduler/-/scheduler-0.23.0.tgz",
      "integrity": "sha512-CtuThmgHNg7zIZWAXi3AsyIzA3n4xx7aNyjwC2VJldO2LMVDhFK+63xGqq6CsJH4rTAt6/M+N4GhZiDYPx9eUw==",
      "peer": true,
      "requires": {
        "loose-envify": "^1.1.0"
      }
    },
    "tslib": {
      "version": "2.4.0",
      "resolved": "https://registry.npmjs.org/tslib/-/tslib-2.4.0.tgz",
      "integrity": "sha512-d6xOpEDfsi2CZVlPQzGeux8XMwLT9hssAsaPYExaQMuYskwb+x1x7J371tWlbBdWHroy99KnVB6qIkUbs5X3UQ=="
    }
  }
}
